
Microsoft Visual Studio Solution File, Format Version 12.00
# Visual Studio Version 17
VisualStudioVersion = 17.5.33627.172
MinimumVisualStudioVersion = 10.0.40219.1
Project("{9A19103F-16F7-4668-BE54-9A1E7A4F7556}") = "ntpws.project.Web", "ntpws.project\ntpws.project.Web.csproj", "{3A0B47D4-78C4-41B1-A8A5-1FC4C1D67952}"
EndProject
Project("{9A19103F-16F7-4668-BE54-9A1E7A4F7556}") = "ntpws.project.Service", "ntpws.project.Service\ntpws.project.Service.csproj", "{4C0F28D6-6291-42F1-B5AF-AC54AD1BC338}"
EndProject
Project("{9A19103F-16F7-4668-BE54-9A1E7A4F7556}") = "ntpws.project.Repository", "ntpws.project.Repository\ntpws.project.Repository.csproj", "{A593B634-84D9-4E84-A5F6-7F2CA38B9973}"
EndProject
Project("{9A19103F-16F7-4668-BE54-9A1E7A4F7556}") = "ntpws.project.Model", "ntpws.project.Model\ntpws.project.Model.csproj", "{6BFE00B6-CDFD-4A18-BC85-B4A9FDE12E1B}"
EndProject
Project("{9A19103F-16F7-4668-BE54-9A1E7A4F7556}") = "ntpws.project.Ioc", "ntpws.project.Ioc\ntpws.project.Ioc.csproj", "{8E5E97ED-A05A-4B10-87CE-88CFCDE60E56}"
EndProject
Global
	GlobalSection(SolutionConfigurationPlatforms) = preSolution
		Debug|Any CPU = Debug|Any CPU
		Release|Any CPU = Release|Any CPU
	EndGlobalSection
	GlobalSection(ProjectConfigurationPlatforms) = postSolution
		{3A0B47D4-78C4-41B1-A8A5-1FC4C1D67952}.Debug|Any CPU.ActiveCfg = Debug|Any CPU
		{3A0B47D4-78C4-41B1-A8A5-1FC4C1D67952}.Debug|Any CPU.Build.0 = Debug|Any CPU
		{3A0B47D4-78C4-41B1-A8A5-1FC4C1D67952}.Release|Any CPU.ActiveCfg = Release|Any CPU
		{3A0B47D4-78C4-41B1-A8A5-1FC4C1D67952}.Release|Any CPU.Build.0 = Release|Any CPU
		{4C0F28D6-6291-42F1-B5AF-AC54AD1BC338}.Debug|Any CPU.ActiveCfg = Debug|Any CPU
		{4C0F28D6-6291-42F1-B5AF-AC54AD1BC338}.Debug|Any CPU.Build.0 = Debug|Any CPU
		{4C0F28D6-6291-42F1-B5AF-AC54AD1BC338}.Release|Any CPU.ActiveCfg = Release|Any CPU
		{4C0F28D6-6291-42F1-B5AF-AC54AD1BC338}.Release|Any CPU.Build.0 = Release|Any CPU
		{A593B634-84D9-4E84-A5F6-7F2CA38B9973}.Debug|Any CPU.ActiveCfg = Debug|Any CPU
		{A593B634-84D9-4E84-A5F6-7F2CA38B9973}.Debug|Any CPU.Build.0 = Debug|Any CPU
		{A593B634-84D9-4E84-A5F6-7F2CA38B9973}.Release|Any CPU.ActiveCfg = Release|Any CPU
		{A593B634-84D9-4E84-A5F6-7F2CA38B9973}.Release|Any CPU.Build.0 = Release|Any CPU
		{6BFE00B6-CDFD-4A18-BC85-B4A9FDE12E1B}.Debug|Any CPU.ActiveCfg = Debug|Any CPU
		{6BFE00B6-CDFD-4A18-BC85-B4A9FDE12E1B}.Debug|Any CPU.Build.0 = Debug|Any CPU
		{6BFE00B6-CDFD-4A18-BC85-B4A9FDE12E1B}.Release|Any CPU.ActiveCfg = Release|Any CPU
		{6BFE00B6-CDFD-4A18-BC85-B4A9FDE12E1B}.Release|Any CPU.Build.0 = Release|Any CPU
		{8E5E97ED-A05A-4B10-87CE-88CFCDE60E56}.Debug|Any CPU.ActiveCfg = Debug|Any CPU
		{8E5E97ED-A05A-4B10-87CE-88CFCDE60E56}.Debug|Any CPU.Build.0 = Debug|Any CPU
		{8E5E97ED-A05A-4B10-87CE-88CFCDE60E56}.Release|Any CPU.ActiveCfg = Release|Any CPU
		{8E5E97ED-A05A-4B10-87CE-88CFCDE60E56}.Release|Any CPU.Build.0 = Release|Any CPU
	EndGlobalSection
	GlobalSection(SolutionProperties) = preSolution
		HideSolutionNode = FALSE
	EndGlobalSection
	GlobalSection(ExtensibilityGlobals) = postSolution
		SolutionGuid = {62FCB6EF-A64F-4793-A486-83948982B8F2}
	EndGlobalSection
EndGlobal
